
Microsoft Visual Studio Solution File, Format Version 12.00
# Visual Studio Version 17
VisualStudioVersion = 17.8.34330.188
MinimumVisualStudioVersion = 10.0.40219.1
Project("{2150E333-8FDC-42A3-9474-1A3956D46DE8}") = "EITT.Business", "EITT.Business", "{4AF3716D-3F53-4486-9CFE-2D95C6EBFE01}"
EndProject
Project("{9A19103F-16F7-4668-BE54-9A1E7A4F7556}") = "Api", "Api\Api.csproj", "{172DC124-F659-4EF1-BD63-5D3781515019}"
EndProject
Project("{9A19103F-16F7-4668-BE54-9A1E7A4F7556}") = "Domain", "Domain\Domain.csproj", "{E7B59550-940B-42BF-BAE4-08B97061C672}"
EndProject
Project("{2150E333-8FDC-42A3-9474-1A3956D46DE8}") = "EITT.Data", "EITT.Data", "{038BF90F-08A6-4AEB-9934-888F470F6620}"
EndProject
Project("{9A19103F-16F7-4668-BE54-9A1E7A4F7556}") = "Infrastructure", "Infrastructure\Infrastructure.csproj", "{CCB22106-A580-4FFE-8091-1713F5C6ECAE}"
EndProject
Project("{2150E333-8FDC-42A3-9474-1A3956D46DE8}") = "EITT.Utilities", "EITT.Utilities", "{846CE93A-12C6-4CD7-9629-99398AA01EF7}"
EndProject
Project("{9A19103F-16F7-4668-BE54-9A1E7A4F7556}") = "Utilities", "Utilities\Utilities.csproj", "{62E1162B-D6AB-4D5B-91D4-2702C34773C7}"
EndProject
Project("{2150E333-8FDC-42A3-9474-1A3956D46DE8}") = "EITT.WEB", "EITT.WEB", "{64881FB1-BC97-457A-A386-736562CBEDEF}"
EndProject
Project("{9A19103F-16F7-4668-BE54-9A1E7A4F7556}") = "Web", "Web\Web.csproj", "{4BA9341D-B8C8-4844-BB70-1009EFADA5A5}"
EndProject
Project("{9A19103F-16F7-4668-BE54-9A1E7A4F7556}") = "BlazorApp", "BlazorApp\BlazorApp.csproj", "{21252BE3-5DEF-410A-992C-8AD3D601D955}"
EndProject
Project("{9A19103F-16F7-4668-BE54-9A1E7A4F7556}") = "SharedClass", "SharedClass\SharedClass.csproj", "{1D3C6D21-90FC-42CB-8D48-E73BB4EF2987}"
EndProject
Project("{9A19103F-16F7-4668-BE54-9A1E7A4F7556}") = "SharedComponent", "SharedComponent\SharedComponent.csproj", "{6A2ADA1B-104C-4654-B5C0-1D3E13310314}"
EndProject
Global
	GlobalSection(SolutionConfigurationPlatforms) = preSolution
		Debug|Any CPU = Debug|Any CPU
		Release|Any CPU = Release|Any CPU
	EndGlobalSection
	GlobalSection(ProjectConfigurationPlatforms) = postSolution
		{172DC124-F659-4EF1-BD63-5D3781515019}.Debug|Any CPU.ActiveCfg = Debug|Any CPU
		{172DC124-F659-4EF1-BD63-5D3781515019}.Debug|Any CPU.Build.0 = Debug|Any CPU
		{172DC124-F659-4EF1-BD63-5D3781515019}.Release|Any CPU.ActiveCfg = Release|Any CPU
		{172DC124-F659-4EF1-BD63-5D3781515019}.Release|Any CPU.Build.0 = Release|Any CPU
		{E7B59550-940B-42BF-BAE4-08B97061C672}.Debug|Any CPU.ActiveCfg = Debug|Any CPU
		{E7B59550-940B-42BF-BAE4-08B97061C672}.Debug|Any CPU.Build.0 = Debug|Any CPU
		{E7B59550-940B-42BF-BAE4-08B97061C672}.Release|Any CPU.ActiveCfg = Release|Any CPU
		{E7B59550-940B-42BF-BAE4-08B97061C672}.Release|Any CPU.Build.0 = Release|Any CPU
		{CCB22106-A580-4FFE-8091-1713F5C6ECAE}.Debug|Any CPU.ActiveCfg = Debug|Any CPU
		{CCB22106-A580-4FFE-8091-1713F5C6ECAE}.Debug|Any CPU.Build.0 = Debug|Any CPU
		{CCB22106-A580-4FFE-8091-1713F5C6ECAE}.Release|Any CPU.ActiveCfg = Release|Any CPU
		{CCB22106-A580-4FFE-8091-1713F5C6ECAE}.Release|Any CPU.Build.0 = Release|Any CPU
		{62E1162B-D6AB-4D5B-91D4-2702C34773C7}.Debug|Any CPU.ActiveCfg = Debug|Any CPU
		{62E1162B-D6AB-4D5B-91D4-2702C34773C7}.Debug|Any CPU.Build.0 = Debug|Any CPU
		{62E1162B-D6AB-4D5B-91D4-2702C34773C7}.Release|Any CPU.ActiveCfg = Release|Any CPU
		{62E1162B-D6AB-4D5B-91D4-2702C34773C7}.Release|Any CPU.Build.0 = Release|Any CPU
		{4BA9341D-B8C8-4844-BB70-1009EFADA5A5}.Debug|Any CPU.ActiveCfg = Debug|Any CPU
		{4BA9341D-B8C8-4844-BB70-1009EFADA5A5}.Debug|Any CPU.Build.0 = Debug|Any CPU
		{4BA9341D-B8C8-4844-BB70-1009EFADA5A5}.Debug|Any CPU.Deploy.0 = Debug|Any CPU
		{4BA9341D-B8C8-4844-BB70-1009EFADA5A5}.Release|Any CPU.ActiveCfg = Release|Any CPU
		{4BA9341D-B8C8-4844-BB70-1009EFADA5A5}.Release|Any CPU.Build.0 = Release|Any CPU
		{4BA9341D-B8C8-4844-BB70-1009EFADA5A5}.Release|Any CPU.Deploy.0 = Release|Any CPU
		{21252BE3-5DEF-410A-992C-8AD3D601D955}.Debug|Any CPU.ActiveCfg = Debug|Any CPU
		{21252BE3-5DEF-410A-992C-8AD3D601D955}.Debug|Any CPU.Build.0 = Debug|Any CPU
		{21252BE3-5DEF-410A-992C-8AD3D601D955}.Release|Any CPU.ActiveCfg = Release|Any CPU
		{21252BE3-5DEF-410A-992C-8AD3D601D955}.Release|Any CPU.Build.0 = Release|Any CPU
		{1D3C6D21-90FC-42CB-8D48-E73BB4EF2987}.Debug|Any CPU.ActiveCfg = Debug|Any CPU
		{1D3C6D21-90FC-42CB-8D48-E73BB4EF2987}.Debug|Any CPU.Build.0 = Debug|Any CPU
		{1D3C6D21-90FC-42CB-8D48-E73BB4EF2987}.Release|Any CPU.ActiveCfg = Release|Any CPU
		{1D3C6D21-90FC-42CB-8D48-E73BB4EF2987}.Release|Any CPU.Build.0 = Release|Any CPU
		{6A2ADA1B-104C-4654-B5C0-1D3E13310314}.Debug|Any CPU.ActiveCfg = Debug|Any CPU
		{6A2ADA1B-104C-4654-B5C0-1D3E13310314}.Debug|Any CPU.Build.0 = Debug|Any CPU
		{6A2ADA1B-104C-4654-B5C0-1D3E13310314}.Release|Any CPU.ActiveCfg = Release|Any CPU
		{6A2ADA1B-104C-4654-B5C0-1D3E13310314}.Release|Any CPU.Build.0 = Release|Any CPU
	EndGlobalSection
	GlobalSection(SolutionProperties) = preSolution
		HideSolutionNode = FALSE
	EndGlobalSection
	GlobalSection(NestedProjects) = preSolution
		{172DC124-F659-4EF1-BD63-5D3781515019} = {4AF3716D-3F53-4486-9CFE-2D95C6EBFE01}
		{E7B59550-940B-42BF-BAE4-08B97061C672} = {4AF3716D-3F53-4486-9CFE-2D95C6EBFE01}
		{CCB22106-A580-4FFE-8091-1713F5C6ECAE} = {038BF90F-08A6-4AEB-9934-888F470F6620}
		{62E1162B-D6AB-4D5B-91D4-2702C34773C7} = {846CE93A-12C6-4CD7-9629-99398AA01EF7}
		{4BA9341D-B8C8-4844-BB70-1009EFADA5A5} = {64881FB1-BC97-457A-A386-736562CBEDEF}
		{21252BE3-5DEF-410A-992C-8AD3D601D955} = {64881FB1-BC97-457A-A386-736562CBEDEF}
		{1D3C6D21-90FC-42CB-8D48-E73BB4EF2987} = {64881FB1-BC97-457A-A386-736562CBEDEF}
		{6A2ADA1B-104C-4654-B5C0-1D3E13310314} = {64881FB1-BC97-457A-A386-736562CBEDEF}
	EndGlobalSection
	GlobalSection(ExtensibilityGlobals) = postSolution
		SolutionGuid = {3B3EFFE6-C7C2-48C1-A61D-0C305F579894}
	EndGlobalSection
EndGlobal
